
Microsoft Visual Studio Solution File, Format Version 12.00
# Visual Studio Version 17
VisualStudioVersion = 17.4.33403.182
MinimumVisualStudioVersion = 10.0.40219.1
Project("{FAE04EC0-301F-11D3-BF4B-00C04F79EFBC}") = "Game", "Game\Game.csproj", "{F09B7256-A0E1-4CDC-A95B-3C4DC55A729C}"
EndProject
Global
	GlobalSection(SolutionConfigurationPlatforms) = preSolution
		Debug|Any CPU = Debug|Any CPU
		Release|Any CPU = Release|Any CPU
	EndGlobalSection
	GlobalSection(ProjectConfigurationPlatforms) = postSolution
		{F09B7256-A0E1-4CDC-A95B-3C4DC55A729C}.Debug|Any CPU.ActiveCfg = Debug|Any CPU
		{F09B7256-A0E1-4CDC-A95B-3C4DC55A729C}.Debug|Any CPU.Build.0 = Debug|Any CPU
		{F09B7256-A0E1-4CDC-A95B-3C4DC55A729C}.Release|Any CPU.ActiveCfg = Release|Any CPU
		{F09B7256-A0E1-4CDC-A95B-3C4DC55A729C}.Release|Any CPU.Build.0 = Release|Any CPU
	EndGlobalSection
	GlobalSection(SolutionProperties) = preSolution
		HideSolutionNode = FALSE
	EndGlobalSection
	GlobalSection(ExtensibilityGlobals) = postSolution
		SolutionGuid = {543A143C-912B-4044-AA9C-258C981C34FE}
	EndGlobalSection
EndGlobal
